{
  "name": "curso-react",
  "version": "1.0.0",
  "lockfileVersion": 3,
  "requires": true,
  "packages": {
    "": {
      "name": "curso-react",
      "version": "1.0.0",
      "license": "ISC",
      "dependencies": {
        "just-debounce-it": "3.2.0"
      },
      "devDependencies": {}
    },
    "node_modules/just-debounce-it": {
      "version": "3.2.0",
      "resolved": "https://registry.npmjs.org/just-debounce-it/-/just-debounce-it-3.2.0.tgz",
      "integrity": "sha512-WXzwLL0745uNuedrCsCs3rpmfD6DBaf7uuVwaq98/8dafURfgQaBsSpjiPp5+CW6Vjltwy9cOGI6qE71b3T8iQ==",
      "license": "MIT"
    }
  }
}
